
Microsoft Visual Studio Solution File, Format Version 12.00
# Visual Studio 15
VisualStudioVersion = 15.0.28307.572
MinimumVisualStudioVersion = 10.0.40219.1
Project("{888888A0-9F3D-457C-B088-3A5042F75D52}") = "2019a", "2019a\2019a.pyproj", "{E2E8DE55-3C0C-4FF5-9914-44EF782650F3}"
EndProject
Global
	GlobalSection(SolutionConfigurationPlatforms) = preSolution
		Debug|Any CPU = Debug|Any CPU
		Release|Any CPU = Release|Any CPU
	EndGlobalSection
	GlobalSection(ProjectConfigurationPlatforms) = postSolution
		{E2E8DE55-3C0C-4FF5-9914-44EF782650F3}.Debug|Any CPU.ActiveCfg = Debug|Any CPU
		{E2E8DE55-3C0C-4FF5-9914-44EF782650F3}.Release|Any CPU.ActiveCfg = Release|Any CPU
	EndGlobalSection
	GlobalSection(SolutionProperties) = preSolution
		HideSolutionNode = FALSE
	EndGlobalSection
	GlobalSection(ExtensibilityGlobals) = postSolution
		SolutionGuid = {B1760743-1C5F-4C42-B4E9-BCBDE7FFA94E}
	EndGlobalSection
EndGlobal
