
Microsoft Visual Studio Solution File, Format Version 12.00
# Visual Studio 15
VisualStudioVersion = 15.0.28307.572
MinimumVisualStudioVersion = 10.0.40219.1
Project("{888888A0-9F3D-457C-B088-3A5042F75D52}") = "2019b2", "2019b2\2019b2.pyproj", "{3401941E-A8E9-4810-BCC7-EC352E054599}"
EndProject
Global
	GlobalSection(SolutionConfigurationPlatforms) = preSolution
		Debug|Any CPU = Debug|Any CPU
		Release|Any CPU = Release|Any CPU
	EndGlobalSection
	GlobalSection(ProjectConfigurationPlatforms) = postSolution
		{3401941E-A8E9-4810-BCC7-EC352E054599}.Debug|Any CPU.ActiveCfg = Debug|Any CPU
		{3401941E-A8E9-4810-BCC7-EC352E054599}.Release|Any CPU.ActiveCfg = Release|Any CPU
	EndGlobalSection
	GlobalSection(SolutionProperties) = preSolution
		HideSolutionNode = FALSE
	EndGlobalSection
	GlobalSection(ExtensibilityGlobals) = postSolution
		SolutionGuid = {2F2D48A1-59C8-4522-BAA4-90E5F19FD66F}
	EndGlobalSection
EndGlobal
